
Microsoft Visual Studio Solution File, Format Version 12.00
# Visual Studio 15
VisualStudioVersion = 15.0.26730.15
MinimumVisualStudioVersion = 10.0.40219.1
Project("{FAE04EC0-301F-11D3-BF4B-00C04F79EFBC}") = "CalucateArea", "CalucateArea\CalucateArea.csproj", "{880E2D05-C0A4-4D41-A65B-BF003EE2DBCD}"
EndProject
Project("{FAE04EC0-301F-11D3-BF4B-00C04F79EFBC}") = "AreaTest", "AreaTest\AreaTest.csproj", "{E4C1404F-47E3-4505-BFD9-3660E2EBFC19}"
EndProject
Global
	GlobalSection(SolutionConfigurationPlatforms) = preSolution
		Debug|Any CPU = Debug|Any CPU
		Release|Any CPU = Release|Any CPU
	EndGlobalSection
	GlobalSection(ProjectConfigurationPlatforms) = postSolution
		{880E2D05-C0A4-4D41-A65B-BF003EE2DBCD}.Debug|Any CPU.ActiveCfg = Debug|Any CPU
		{880E2D05-C0A4-4D41-A65B-BF003EE2DBCD}.Debug|Any CPU.Build.0 = Debug|Any CPU
		{880E2D05-C0A4-4D41-A65B-BF003EE2DBCD}.Release|Any CPU.ActiveCfg = Release|Any CPU
		{880E2D05-C0A4-4D41-A65B-BF003EE2DBCD}.Release|Any CPU.Build.0 = Release|Any CPU
		{E4C1404F-47E3-4505-BFD9-3660E2EBFC19}.Debug|Any CPU.ActiveCfg = Debug|Any CPU
		{E4C1404F-47E3-4505-BFD9-3660E2EBFC19}.Debug|Any CPU.Build.0 = Debug|Any CPU
		{E4C1404F-47E3-4505-BFD9-3660E2EBFC19}.Release|Any CPU.ActiveCfg = Release|Any CPU
		{E4C1404F-47E3-4505-BFD9-3660E2EBFC19}.Release|Any CPU.Build.0 = Release|Any CPU
	EndGlobalSection
	GlobalSection(SolutionProperties) = preSolution
		HideSolutionNode = FALSE
	EndGlobalSection
	GlobalSection(ExtensibilityGlobals) = postSolution
		SolutionGuid = {CA525D69-4505-4FF3-8B66-62D5A62CDAC8}
	EndGlobalSection
EndGlobal
